{
  "version": 4,
  "terraform_version": "1.3.6",
  "serial": 30,
  "lineage": "5ddbccc1-e548-e387-f3e1-52a229c2ef58",
  "outputs": {},
  "resources": [
    {
      "mode": "managed",
      "type": "azurerm_app_service",
      "name": "mav-app",
      "provider": "provider[\"registry.terraform.io/hashicorp/azurerm\"]",
      "instances": [
        {
          "schema_version": 0,
          "attributes": {
            "app_service_plan_id": "/subscriptions/737f2879-bf9e-4cc4-aea1-3dce0f42e525/resourceGroups/mavbuzz-resources/providers/Microsoft.Web/serverfarms/mav-service",
            "app_settings": {},
            "auth_settings": [
              {
                "active_directory": [],
                "additional_login_params": {},
                "allowed_external_redirect_urls": [],
                "default_provider": "",
                "enabled": false,
                "facebook": [],
                "google": [],
                "issuer": "",
                "microsoft": [],
                "runtime_version": "",
                "token_refresh_extension_hours": 0,
                "token_store_enabled": false,
                "twitter": [],
                "unauthenticated_client_action": ""
              }
            ],
            "backup": [],
            "client_affinity_enabled": false,
            "client_cert_enabled": false,
            "client_cert_mode": "Required",
            "connection_string": [
              {
                "name": "MYSQLCONNSTR_default",
                "type": "MySQL",
                "value": "Server=tcp:mav-server.mysql.database.azure.com,3306;Initial Catalog=helpdesk_system;Persist Security Info=False;User ID=mysqladmin@mav-server;Password=Bambam12;MultipleActiveResultSets=False;Encrypt=True;TrustServerCertificate=False;Connection Timeout=30"
              }
            ],
            "custom_domain_verification_id": "35151CAB42C8E4A434189F98B500803D4162E381982097CC5D5097AC060D944E",
            "default_site_hostname": "buzzco.azurewebsites.net",
            "enabled": true,
            "https_only": false,
            "id": "/subscriptions/737f2879-bf9e-4cc4-aea1-3dce0f42e525/resourceGroups/mavbuzz-resources/providers/Microsoft.Web/sites/buzzco",
            "identity": [],
            "key_vault_reference_identity_id": "SystemAssigned",
            "location": "eastus",
            "logs": [
              {
                "application_logs": [
                  {
                    "azure_blob_storage": [],
                    "file_system_level": "Off"
                  }
                ],
                "detailed_error_messages_enabled": false,
                "failed_request_tracing_enabled": false,
                "http_logs": [
                  {
                    "azure_blob_storage": [],
                    "file_system": []
                  }
                ]
              }
            ],
            "name": "buzzco",
            "outbound_ip_address_list": [
              "20.121.110.55",
              "20.121.110.137",
              "20.121.110.165",
              "20.121.110.195",
              "20.121.110.248",
              "20.121.110.250",
              "20.119.8.25"
            ],
            "outbound_ip_addresses": "20.121.110.55,20.121.110.137,20.121.110.165,20.121.110.195,20.121.110.248,20.121.110.250,20.119.8.25",
            "possible_outbound_ip_address_list": [
              "20.121.110.55",
              "20.121.110.137",
              "20.121.110.165",
              "20.121.110.195",
              "20.121.110.248",
              "20.121.110.250",
              "20.121.111.48",
              "20.121.111.59",
              "20.121.111.92",
              "20.121.111.127",
              "20.121.111.175",
              "20.121.111.200",
              "20.121.111.230",
              "20.121.111.252",
              "20.237.8.11",
              "20.237.8.18",
              "20.237.8.25",
              "20.237.8.82",
              "20.237.8.115",
              "20.237.8.118",
              "20.237.8.160",
              "20.237.8.207",
              "20.237.8.224",
              "20.237.8.233",
              "20.119.8.25"
            ],
            "possible_outbound_ip_addresses": "20.121.110.55,20.121.110.137,20.121.110.165,20.121.110.195,20.121.110.248,20.121.110.250,20.121.111.48,20.121.111.59,20.121.111.92,20.121.111.127,20.121.111.175,20.121.111.200,20.121.111.230,20.121.111.252,20.237.8.11,20.237.8.18,20.237.8.25,20.237.8.82,20.237.8.115,20.237.8.118,20.237.8.160,20.237.8.207,20.237.8.224,20.237.8.233,20.119.8.25",
            "resource_group_name": "mavbuzz-resources",
            "site_config": [
              {
                "acr_use_managed_identity_credentials": false,
                "acr_user_managed_identity_client_id": "",
                "always_on": false,
                "app_command_line": "",
                "auto_swap_slot_name": "",
                "cors": [
                  {
                    "allowed_origins": [],
                    "support_credentials": false
                  }
                ],
                "default_documents": [],
                "dotnet_framework_version": "v4.0",
                "ftps_state": "AllAllowed",
                "health_check_path": "",
                "http2_enabled": false,
                "ip_restriction": [],
                "java_container": "",
                "java_container_version": "",
                "java_version": "",
                "linux_fx_version": "PHP|8.0.2",
                "local_mysql_enabled": false,
                "managed_pipeline_mode": "Integrated",
                "min_tls_version": "1.2",
                "number_of_workers": 1,
                "php_version": "",
                "python_version": "",
                "remote_debugging_enabled": false,
                "remote_debugging_version": "VS2019",
                "scm_ip_restriction": [],
                "scm_type": "None",
                "scm_use_main_ip_restriction": false,
                "use_32_bit_worker_process": false,
                "vnet_route_all_enabled": false,
                "websockets_enabled": false,
                "windows_fx_version": ""
              }
            ],
            "site_credential": [
              {
                "password": "E5tyiwsrxJNdv8HH9W9Y3x3lhht5YhMP2NRm2yWuT6T3s8eAJSr6N4sxoT1u",
                "username": "$buzzco"
              }
            ],
            "source_control": [
              {
                "branch": "main",
                "manual_integration": false,
                "repo_url": "",
                "rollback_enabled": false,
                "use_mercurial": false
              }
            ],
            "storage_account": [],
            "tags": {},
            "timeouts": null
          },
          "sensitive_attributes": [],
          "private": "eyJlMmJmYjczMC1lY2FhLTExZTYtOGY4OC0zNDM2M2JjN2M0YzAiOnsiY3JlYXRlIjoxODAwMDAwMDAwMDAwLCJkZWxldGUiOjE4MDAwMDAwMDAwMDAsInJlYWQiOjMwMDAwMDAwMDAwMCwidXBkYXRlIjoxODAwMDAwMDAwMDAwfX0=",
          "dependencies": [
            "azurerm_app_service_plan.mav-service",
            "azurerm_resource_group.mav"
          ]
        }
      ]
    },
    {
      "mode": "managed",
      "type": "azurerm_app_service_plan",
      "name": "mav-service",
      "provider": "provider[\"registry.terraform.io/hashicorp/azurerm\"]",
      "instances": [
        {
          "schema_version": 0,
          "attributes": {
            "app_service_environment_id": "",
            "id": "/subscriptions/737f2879-bf9e-4cc4-aea1-3dce0f42e525/resourceGroups/mavbuzz-resources/providers/Microsoft.Web/serverfarms/mav-service",
            "is_xenon": false,
            "kind": "linux",
            "location": "eastus",
            "maximum_elastic_worker_count": 1,
            "maximum_number_of_workers": 10,
            "name": "mav-service",
            "per_site_scaling": false,
            "reserved": true,
            "resource_group_name": "mavbuzz-resources",
            "sku": [
              {
                "capacity": 1,
                "size": "S1",
                "tier": "Standard"
              }
            ],
            "tags": {},
            "timeouts": null,
            "zone_redundant": false
          },
          "sensitive_attributes": [],
          "private": "eyJlMmJmYjczMC1lY2FhLTExZTYtOGY4OC0zNDM2M2JjN2M0YzAiOnsiY3JlYXRlIjozNjAwMDAwMDAwMDAwLCJkZWxldGUiOjM2MDAwMDAwMDAwMDAsInJlYWQiOjMwMDAwMDAwMDAwMCwidXBkYXRlIjozNjAwMDAwMDAwMDAwfX0=",
          "dependencies": [
            "azurerm_resource_group.mav"
          ]
        }
      ]
    },
    {
      "mode": "managed",
      "type": "azurerm_linux_virtual_machine",
      "name": "mav-vm",
      "provider": "provider[\"registry.terraform.io/hashicorp/azurerm\"]",
      "instances": [
        {
          "schema_version": 0,
          "attributes": {
            "additional_capabilities": [],
            "admin_password": "Bambam12",
            "admin_ssh_key": [
              {
                "public_key": "ssh-rsa AAAAB3NzaC1yc2EAAAADAQABAAABgQCjhhd5qRr/aBmUZkAp1saS0b2t4sXZWhJ9GvGDQTma6pSynrFbRX1CNnGjoias1uvrdjB0egXjCoocnukC2z9Zn3SlWrIwjH1yfVLWQUpxHtKKzvc+J+rSWRe5CVxRaDCTPhxONlva1Q5OEzIqdsltj10WEEaQZAw+Y4PgLfWSZgvxIex9+Vr2SP2DBpneOkM8qoNghbx4medyDfQP7m7tPytRxKjowqVYa2vkbQsBKoLpF72QfO8C0wGMD9RP2bcGaLXAswV1GPSmNhKT2OMAJaUNTYBCjz1mZxIvx5o/0N37+wdX6oP94RCAiughNBKrafDgYpILjnoOpsyr3i4u28utg9dHyKdDi9OWGumE0lgtBrZ1Gh1rwX9EFA6jR/MSGC6EiKGH2ujodHGSF1DNgTCenfERAQaATjwqOxKIkLQHxWNHs1XHfxXbGUyCIThl2+MCC8RWQbUZuvnfd8SUEZQi/zHBon5GaPy6oy117u/NebBEeDqHTMaTIt/WnR8= bamisere@DESKTOP-8H2RS9N\r\n",
                "username": "adminuser"
              }
            ],
            "admin_username": "adminuser",
            "allow_extension_operations": true,
            "availability_set_id": "",
            "boot_diagnostics": [],
            "capacity_reservation_group_id": "",
            "computer_name": "mav-vm",
            "custom_data": null,
            "dedicated_host_group_id": "",
            "dedicated_host_id": "",
            "disable_password_authentication": false,
            "edge_zone": "",
            "encryption_at_host_enabled": false,
            "eviction_policy": "",
            "extensions_time_budget": "PT1H30M",
            "gallery_application": [],
            "id": "/subscriptions/737f2879-bf9e-4cc4-aea1-3dce0f42e525/resourceGroups/mavbuzz-resources/providers/Microsoft.Compute/virtualMachines/mav-vm",
            "identity": [],
            "license_type": "",
            "location": "eastus",
            "max_bid_price": -1,
            "name": "mav-vm",
            "network_interface_ids": [
              "/subscriptions/737f2879-bf9e-4cc4-aea1-3dce0f42e525/resourceGroups/mavbuzz-resources/providers/Microsoft.Network/networkInterfaces/mav-nic"
            ],
            "os_disk": [
              {
                "caching": "ReadWrite",
                "diff_disk_settings": [],
                "disk_encryption_set_id": "",
                "disk_size_gb": 30,
                "name": "mav-vm_OsDisk_1_f77f1d209db347a28a5e986111fb12f4",
                "secure_vm_disk_encryption_set_id": "",
                "security_encryption_type": "",
                "storage_account_type": "Standard_LRS",
                "write_accelerator_enabled": false
              }
            ],
            "patch_assessment_mode": "ImageDefault",
            "patch_mode": "ImageDefault",
            "plan": [],
            "platform_fault_domain": -1,
            "priority": "Regular",
            "private_ip_address": "10.125.1.4",
            "private_ip_addresses": [
              "10.125.1.4"
            ],
            "provision_vm_agent": true,
            "proximity_placement_group_id": "",
            "public_ip_address": "20.127.125.155",
            "public_ip_addresses": [
              "20.127.125.155"
            ],
            "resource_group_name": "mavbuzz-resources",
            "secret": [],
            "secure_boot_enabled": false,
            "size": "Standard_F2",
            "source_image_id": "",
            "source_image_reference": [
              {
                "offer": "UbuntuServer",
                "publisher": "Canonical",
                "sku": "16.04-LTS",
                "version": "latest"
              }
            ],
            "tags": null,
            "termination_notification": null,
            "timeouts": null,
            "user_data": "",
            "virtual_machine_id": "fba86327-19d2-4a90-aa45-ab35e5ad0802",
            "virtual_machine_scale_set_id": "",
            "vtpm_enabled": false,
            "zone": ""
          },
          "sensitive_attributes": [],
          "private": "eyJlMmJmYjczMC1lY2FhLTExZTYtOGY4OC0zNDM2M2JjN2M0YzAiOnsiY3JlYXRlIjoyNzAwMDAwMDAwMDAwLCJkZWxldGUiOjI3MDAwMDAwMDAwMDAsInJlYWQiOjMwMDAwMDAwMDAwMCwidXBkYXRlIjoyNzAwMDAwMDAwMDAwfX0=",
          "dependencies": [
            "azurerm_network_interface.mav-nic",
            "azurerm_resource_group.mav"
          ]
        }
      ]
    },
    {
      "mode": "managed",
      "type": "azurerm_mysql_database",
      "name": "mav-db",
      "provider": "provider[\"registry.terraform.io/hashicorp/azurerm\"]",
      "instances": [
        {
          "schema_version": 0,
          "attributes": {
            "charset": "utf8",
            "collation": "utf8_unicode_ci",
            "id": "/subscriptions/737f2879-bf9e-4cc4-aea1-3dce0f42e525/resourceGroups/mavbuzz-resources/providers/Microsoft.DBforMySQL/servers/mav-server/databases/helpdesk_system",
            "name": "helpdesk_system",
            "resource_group_name": "mavbuzz-resources",
            "server_name": "mav-server",
            "timeouts": null
          },
          "sensitive_attributes": [],
          "private": "eyJlMmJmYjczMC1lY2FhLTExZTYtOGY4OC0zNDM2M2JjN2M0YzAiOnsiY3JlYXRlIjozNjAwMDAwMDAwMDAwLCJkZWxldGUiOjM2MDAwMDAwMDAwMDAsInJlYWQiOjMwMDAwMDAwMDAwMCwidXBkYXRlIjozNjAwMDAwMDAwMDAwfX0=",
          "dependencies": [
            "azurerm_mysql_server.mav-sql",
            "azurerm_resource_group.mav"
          ]
        }
      ]
    },
    {
      "mode": "managed",
      "type": "azurerm_mysql_server",
      "name": "mav-sql",
      "provider": "provider[\"registry.terraform.io/hashicorp/azurerm\"]",
      "instances": [
        {
          "schema_version": 0,
          "attributes": {
            "administrator_login": "mysqladmin",
            "administrator_login_password": "Bambam12",
            "auto_grow_enabled": true,
            "backup_retention_days": 7,
            "create_mode": "Default",
            "creation_source_server_id": null,
            "fqdn": "mav-server.mysql.database.azure.com",
            "geo_redundant_backup_enabled": false,
            "id": "/subscriptions/737f2879-bf9e-4cc4-aea1-3dce0f42e525/resourceGroups/mavbuzz-resources/providers/Microsoft.DBforMySQL/servers/mav-server",
            "identity": [],
            "infrastructure_encryption_enabled": false,
            "location": "eastus",
            "name": "mav-server",
            "public_network_access_enabled": true,
            "resource_group_name": "mavbuzz-resources",
            "restore_point_in_time": null,
            "sku_name": "B_Gen5_2",
            "ssl_enforcement_enabled": true,
            "ssl_minimal_tls_version_enforced": "TLS1_2",
            "storage_mb": 5120,
            "tags": {},
            "threat_detection_policy": [],
            "timeouts": null,
            "version": "5.7"
          },
          "sensitive_attributes": [],
          "private": "eyJlMmJmYjczMC1lY2FhLTExZTYtOGY4OC0zNDM2M2JjN2M0YzAiOnsiY3JlYXRlIjozNjAwMDAwMDAwMDAwLCJkZWxldGUiOjM2MDAwMDAwMDAwMDAsInJlYWQiOjMwMDAwMDAwMDAwMCwidXBkYXRlIjozNjAwMDAwMDAwMDAwfX0=",
          "dependencies": [
            "azurerm_resource_group.mav"
          ]
        }
      ]
    },
    {
      "mode": "managed",
      "type": "azurerm_network_interface",
      "name": "mav-nic",
      "provider": "provider[\"registry.terraform.io/hashicorp/azurerm\"]",
      "instances": [
        {
          "schema_version": 0,
          "attributes": {
            "applied_dns_servers": [],
            "dns_servers": [],
            "edge_zone": "",
            "enable_accelerated_networking": false,
            "enable_ip_forwarding": false,
            "id": "/subscriptions/737f2879-bf9e-4cc4-aea1-3dce0f42e525/resourceGroups/mavbuzz-resources/providers/Microsoft.Network/networkInterfaces/mav-nic",
            "internal_dns_name_label": "",
            "internal_domain_name_suffix": "znqkz4gxssautafbpub033sdtf.bx.internal.cloudapp.net",
            "ip_configuration": [
              {
                "gateway_load_balancer_frontend_ip_configuration_id": "",
                "name": "internal",
                "primary": true,
                "private_ip_address": "10.125.1.4",
                "private_ip_address_allocation": "Dynamic",
                "private_ip_address_version": "IPv4",
                "public_ip_address_id": "/subscriptions/737f2879-bf9e-4cc4-aea1-3dce0f42e525/resourceGroups/mavbuzz-resources/providers/Microsoft.Network/publicIPAddresses/mav-ip",
                "subnet_id": "/subscriptions/737f2879-bf9e-4cc4-aea1-3dce0f42e525/resourceGroups/mavbuzz-resources/providers/Microsoft.Network/virtualNetworks/mav-network/subnets/mav-subnet"
              }
            ],
            "location": "eastus",
            "mac_address": "60-45-BD-D6-6A-D3",
            "name": "mav-nic",
            "private_ip_address": "10.125.1.4",
            "private_ip_addresses": [
              "10.125.1.4"
            ],
            "resource_group_name": "mavbuzz-resources",
            "tags": {
              "environment": "dev"
            },
            "timeouts": null,
            "virtual_machine_id": "/subscriptions/737f2879-bf9e-4cc4-aea1-3dce0f42e525/resourceGroups/mavbuzz-resources/providers/Microsoft.Compute/virtualMachines/mav-vm"
          },
          "sensitive_attributes": [],
          "private": "eyJlMmJmYjczMC1lY2FhLTExZTYtOGY4OC0zNDM2M2JjN2M0YzAiOnsiY3JlYXRlIjoxODAwMDAwMDAwMDAwLCJkZWxldGUiOjE4MDAwMDAwMDAwMDAsInJlYWQiOjMwMDAwMDAwMDAwMCwidXBkYXRlIjoxODAwMDAwMDAwMDAwfX0=",
          "dependencies": [
            "azurerm_public_ip.mav-ip",
            "azurerm_resource_group.mav",
            "azurerm_subnet.mav-subnet",
            "azurerm_virtual_network.mav-vn"
          ]
        }
      ]
    },
    {
      "mode": "managed",
      "type": "azurerm_network_security_group",
      "name": "mav-sg",
      "provider": "provider[\"registry.terraform.io/hashicorp/azurerm\"]",
      "instances": [
        {
          "schema_version": 0,
          "attributes": {
            "id": "/subscriptions/737f2879-bf9e-4cc4-aea1-3dce0f42e525/resourceGroups/mavbuzz-resources/providers/Microsoft.Network/networkSecurityGroups/mav-sg",
            "location": "eastus",
            "name": "mav-sg",
            "resource_group_name": "mavbuzz-resources",
            "security_rule": [
              {
                "access": "Allow",
                "description": "",
                "destination_address_prefix": "*",
                "destination_address_prefixes": [],
                "destination_application_security_group_ids": [],
                "destination_port_range": "*",
                "destination_port_ranges": [],
                "direction": "Inbound",
                "name": "mav-dev-rule",
                "priority": 100,
                "protocol": "*",
                "source_address_prefix": "*",
                "source_address_prefixes": [],
                "source_application_security_group_ids": [],
                "source_port_range": "*",
                "source_port_ranges": []
              },
              {
                "access": "Allow",
                "description": "",
                "destination_address_prefix": "*",
                "destination_address_prefixes": [],
                "destination_application_security_group_ids": [],
                "destination_port_range": "1433",
                "destination_port_ranges": [],
                "direction": "Outbound",
                "name": "mav-allow-sql-server",
                "priority": 100,
                "protocol": "Tcp",
                "source_address_prefix": "*",
                "source_address_prefixes": [],
                "source_application_security_group_ids": [],
                "source_port_range": "*",
                "source_port_ranges": []
              }
            ],
            "tags": {
              "environment": "dev"
            },
            "timeouts": null
          },
          "sensitive_attributes": [],
          "private": "eyJlMmJmYjczMC1lY2FhLTExZTYtOGY4OC0zNDM2M2JjN2M0YzAiOnsiY3JlYXRlIjoxODAwMDAwMDAwMDAwLCJkZWxldGUiOjE4MDAwMDAwMDAwMDAsInJlYWQiOjMwMDAwMDAwMDAwMCwidXBkYXRlIjoxODAwMDAwMDAwMDAwfX0=",
          "dependencies": [
            "azurerm_resource_group.mav"
          ]
        }
      ]
    },
    {
      "mode": "managed",
      "type": "azurerm_network_security_rule",
      "name": "mav-dev-rule",
      "provider": "provider[\"registry.terraform.io/hashicorp/azurerm\"]",
      "instances": [
        {
          "schema_version": 0,
          "attributes": {
            "access": "Allow",
            "description": "",
            "destination_address_prefix": "*",
            "destination_address_prefixes": [],
            "destination_application_security_group_ids": [],
            "destination_port_range": "*",
            "destination_port_ranges": [],
            "direction": "Inbound",
            "id": "/subscriptions/737f2879-bf9e-4cc4-aea1-3dce0f42e525/resourceGroups/mavbuzz-resources/providers/Microsoft.Network/networkSecurityGroups/mav-sg/securityRules/mav-dev-rule",
            "name": "mav-dev-rule",
            "network_security_group_name": "mav-sg",
            "priority": 100,
            "protocol": "*",
            "resource_group_name": "mavbuzz-resources",
            "source_address_prefix": "*",
            "source_address_prefixes": [],
            "source_application_security_group_ids": [],
            "source_port_range": "*",
            "source_port_ranges": [],
            "timeouts": null
          },
          "sensitive_attributes": [],
          "private": "eyJlMmJmYjczMC1lY2FhLTExZTYtOGY4OC0zNDM2M2JjN2M0YzAiOnsiY3JlYXRlIjoxODAwMDAwMDAwMDAwLCJkZWxldGUiOjE4MDAwMDAwMDAwMDAsInJlYWQiOjMwMDAwMDAwMDAwMCwidXBkYXRlIjoxODAwMDAwMDAwMDAwfX0=",
          "dependencies": [
            "azurerm_network_security_group.mav-sg",
            "azurerm_resource_group.mav"
          ]
        }
      ]
    },
    {
      "mode": "managed",
      "type": "azurerm_network_security_rule",
      "name": "mav-sql-rule",
      "provider": "provider[\"registry.terraform.io/hashicorp/azurerm\"]",
      "instances": [
        {
          "schema_version": 0,
          "attributes": {
            "access": "Allow",
            "description": "",
            "destination_address_prefix": "*",
            "destination_address_prefixes": [],
            "destination_application_security_group_ids": [],
            "destination_port_range": "1433",
            "destination_port_ranges": [],
            "direction": "Outbound",
            "id": "/subscriptions/737f2879-bf9e-4cc4-aea1-3dce0f42e525/resourceGroups/mavbuzz-resources/providers/Microsoft.Network/networkSecurityGroups/mav-sg/securityRules/mav-allow-sql-server",
            "name": "mav-allow-sql-server",
            "network_security_group_name": "mav-sg",
            "priority": 100,
            "protocol": "Tcp",
            "resource_group_name": "mavbuzz-resources",
            "source_address_prefix": "*",
            "source_address_prefixes": [],
            "source_application_security_group_ids": [],
            "source_port_range": "*",
            "source_port_ranges": [],
            "timeouts": null
          },
          "sensitive_attributes": [],
          "private": "eyJlMmJmYjczMC1lY2FhLTExZTYtOGY4OC0zNDM2M2JjN2M0YzAiOnsiY3JlYXRlIjoxODAwMDAwMDAwMDAwLCJkZWxldGUiOjE4MDAwMDAwMDAwMDAsInJlYWQiOjMwMDAwMDAwMDAwMCwidXBkYXRlIjoxODAwMDAwMDAwMDAwfX0=",
          "dependencies": [
            "azurerm_network_security_group.mav-sg",
            "azurerm_resource_group.mav"
          ]
        }
      ]
    },
    {
      "mode": "managed",
      "type": "azurerm_public_ip",
      "name": "mav-ip",
      "provider": "provider[\"registry.terraform.io/hashicorp/azurerm\"]",
      "instances": [
        {
          "schema_version": 0,
          "attributes": {
            "allocation_method": "Dynamic",
            "ddos_protection_mode": "VirtualNetworkInherited",
            "ddos_protection_plan_id": null,
            "domain_name_label": null,
            "edge_zone": "",
            "fqdn": null,
            "id": "/subscriptions/737f2879-bf9e-4cc4-aea1-3dce0f42e525/resourceGroups/mavbuzz-resources/providers/Microsoft.Network/publicIPAddresses/mav-ip",
            "idle_timeout_in_minutes": 4,
            "ip_address": "20.124.107.158",
            "ip_tags": {},
            "ip_version": "IPv4",
            "location": "eastus",
            "name": "mav-ip",
            "public_ip_prefix_id": null,
            "resource_group_name": "mavbuzz-resources",
            "reverse_fqdn": null,
            "sku": "Basic",
            "sku_tier": "Regional",
            "tags": {
              "environment": "dev"
            },
            "timeouts": null,
            "zones": []
          },
          "sensitive_attributes": [],
          "private": "eyJlMmJmYjczMC1lY2FhLTExZTYtOGY4OC0zNDM2M2JjN2M0YzAiOnsiY3JlYXRlIjoxODAwMDAwMDAwMDAwLCJkZWxldGUiOjE4MDAwMDAwMDAwMDAsInJlYWQiOjMwMDAwMDAwMDAwMCwidXBkYXRlIjoxODAwMDAwMDAwMDAwfX0=",
          "dependencies": [
            "azurerm_resource_group.mav"
          ]
        }
      ]
    },
    {
      "mode": "managed",
      "type": "azurerm_resource_group",
      "name": "mav",
      "provider": "provider[\"registry.terraform.io/hashicorp/azurerm\"]",
      "instances": [
        {
          "schema_version": 0,
          "attributes": {
            "id": "/subscriptions/737f2879-bf9e-4cc4-aea1-3dce0f42e525/resourceGroups/mavbuzz-resources",
            "location": "eastus",
            "name": "mavbuzz-resources",
            "tags": {
              "environment": "dev"
            },
            "timeouts": null
          },
          "sensitive_attributes": [],
          "private": "eyJlMmJmYjczMC1lY2FhLTExZTYtOGY4OC0zNDM2M2JjN2M0YzAiOnsiY3JlYXRlIjo1NDAwMDAwMDAwMDAwLCJkZWxldGUiOjU0MDAwMDAwMDAwMDAsInJlYWQiOjMwMDAwMDAwMDAwMCwidXBkYXRlIjo1NDAwMDAwMDAwMDAwfX0="
        }
      ]
    },
    {
      "mode": "managed",
      "type": "azurerm_subnet",
      "name": "mav-subnet",
      "provider": "provider[\"registry.terraform.io/hashicorp/azurerm\"]",
      "instances": [
        {
          "schema_version": 0,
          "attributes": {
            "address_prefixes": [
              "10.125.1.0/24"
            ],
            "delegation": [],
            "enforce_private_link_endpoint_network_policies": false,
            "enforce_private_link_service_network_policies": false,
            "id": "/subscriptions/737f2879-bf9e-4cc4-aea1-3dce0f42e525/resourceGroups/mavbuzz-resources/providers/Microsoft.Network/virtualNetworks/mav-network/subnets/mav-subnet",
            "name": "mav-subnet",
            "private_endpoint_network_policies_enabled": true,
            "private_link_service_network_policies_enabled": true,
            "resource_group_name": "mavbuzz-resources",
            "service_endpoint_policy_ids": [],
            "service_endpoints": [],
            "timeouts": null,
            "virtual_network_name": "mav-network"
          },
          "sensitive_attributes": [],
          "private": "eyJlMmJmYjczMC1lY2FhLTExZTYtOGY4OC0zNDM2M2JjN2M0YzAiOnsiY3JlYXRlIjoxODAwMDAwMDAwMDAwLCJkZWxldGUiOjE4MDAwMDAwMDAwMDAsInJlYWQiOjMwMDAwMDAwMDAwMCwidXBkYXRlIjoxODAwMDAwMDAwMDAwfX0=",
          "dependencies": [
            "azurerm_resource_group.mav",
            "azurerm_virtual_network.mav-vn"
          ]
        }
      ]
    },
    {
      "mode": "managed",
      "type": "azurerm_subnet_network_security_group_association",
      "name": "mav-sgn",
      "provider": "provider[\"registry.terraform.io/hashicorp/azurerm\"]",
      "instances": [
        {
          "schema_version": 0,
          "attributes": {
            "id": "/subscriptions/737f2879-bf9e-4cc4-aea1-3dce0f42e525/resourceGroups/mavbuzz-resources/providers/Microsoft.Network/virtualNetworks/mav-network/subnets/mav-subnet",
            "network_security_group_id": "/subscriptions/737f2879-bf9e-4cc4-aea1-3dce0f42e525/resourceGroups/mavbuzz-resources/providers/Microsoft.Network/networkSecurityGroups/mav-sg",
            "subnet_id": "/subscriptions/737f2879-bf9e-4cc4-aea1-3dce0f42e525/resourceGroups/mavbuzz-resources/providers/Microsoft.Network/virtualNetworks/mav-network/subnets/mav-subnet",
            "timeouts": null
          },
          "sensitive_attributes": [],
          "private": "eyJlMmJmYjczMC1lY2FhLTExZTYtOGY4OC0zNDM2M2JjN2M0YzAiOnsiY3JlYXRlIjoxODAwMDAwMDAwMDAwLCJkZWxldGUiOjE4MDAwMDAwMDAwMDAsInJlYWQiOjMwMDAwMDAwMDAwMCwidXBkYXRlIjoxODAwMDAwMDAwMDAwfX0=",
          "dependencies": [
            "azurerm_network_security_group.mav-sg",
            "azurerm_resource_group.mav",
            "azurerm_subnet.mav-subnet",
            "azurerm_virtual_network.mav-vn"
          ]
        }
      ]
    },
    {
      "mode": "managed",
      "type": "azurerm_virtual_network",
      "name": "mav-vn",
      "provider": "provider[\"registry.terraform.io/hashicorp/azurerm\"]",
      "instances": [
        {
          "schema_version": 0,
          "attributes": {
            "address_space": [
              "10.125.0.0/16"
            ],
            "bgp_community": "",
            "ddos_protection_plan": [],
            "dns_servers": [],
            "edge_zone": "",
            "flow_timeout_in_minutes": 0,
            "guid": "f8ac60cb-94d7-4981-80a1-7d03aef6439d",
            "id": "/subscriptions/737f2879-bf9e-4cc4-aea1-3dce0f42e525/resourceGroups/mavbuzz-resources/providers/Microsoft.Network/virtualNetworks/mav-network",
            "location": "eastus",
            "name": "mav-network",
            "resource_group_name": "mavbuzz-resources",
            "subnet": [
              {
                "address_prefix": "10.125.1.0/24",
                "id": "/subscriptions/737f2879-bf9e-4cc4-aea1-3dce0f42e525/resourceGroups/mavbuzz-resources/providers/Microsoft.Network/virtualNetworks/mav-network/subnets/mav-subnet",
                "name": "mav-subnet",
                "security_group": "/subscriptions/737f2879-bf9e-4cc4-aea1-3dce0f42e525/resourceGroups/mavbuzz-resources/providers/Microsoft.Network/networkSecurityGroups/mav-sg"
              }
            ],
            "tags": {
              "environment": "dev"
            },
            "timeouts": null
          },
          "sensitive_attributes": [],
          "private": "eyJlMmJmYjczMC1lY2FhLTExZTYtOGY4OC0zNDM2M2JjN2M0YzAiOnsiY3JlYXRlIjoxODAwMDAwMDAwMDAwLCJkZWxldGUiOjE4MDAwMDAwMDAwMDAsInJlYWQiOjMwMDAwMDAwMDAwMCwidXBkYXRlIjoxODAwMDAwMDAwMDAwfX0=",
          "dependencies": [
            "azurerm_resource_group.mav"
          ]
        }
      ]
    }
  ],
  "check_results": null
}
